schema: '2.0'
stages:
  file_conv:
    cmd: jupyter nbconvert processing.ipynb --to python
    deps:
    - path: data
      hash: md5
      md5: 9f6c4e8346d099f456ec52103ea2dded.dir
      size: 756165668
      nfiles: 12011
    - path: processing.ipynb
      hash: md5
      md5: 255321f93114d067f319be993fe3abdd
      size: 5658
    outs:
    - path: processing.py
      hash: md5
      md5: 3ed44a08ad8a786d2c6e47be1d1dc0f0
      size: 2618
  model_conv:
    cmd: jupyter nbconvert model.ipynb --to python
    deps:
    - path: model.ipynb
      hash: md5
      md5: 4d525a1cc6bb47178f41225f9a644308
      size: 8127
    outs:
    - path: model.py
      hash: md5
      md5: 6b5e4877bf5d342188c0db4c7a3d56e5
      size: 4396
  make_csv:
    cmd: python processing.py
    deps:
    - path: processing.py
      hash: md5
      md5: 3ed44a08ad8a786d2c6e47be1d1dc0f0
      size: 2618
    outs:
    - path: csv_storage/test.csv
      hash: md5
      md5: 71869c68102eff6f6569240bb7b0c556
      size: 35797
    - path: csv_storage/train.csv
      hash: md5
      md5: e44ec4d6c59c388d46651ae77d25364c
      size: 102797
    - path: csv_storage/valid.csv
      hash: md5
      md5: 0684c0e88418030b3fd45947efc9b2b5
      size: 35797
  third_model:
    cmd: python model_3.py
    deps:
    - path: csv_storage
      hash: md5
      md5: f4349acca77ff6f900899f3bce0d9c0f.dir
      size: 787446
      nfiles: 4
    - path: model_3.py
      hash: md5
      md5: 7893f686df7f0201e4601b1c6fd971a1
      size: 4402
    outs:
    - path: models/third_model.h5
      hash: md5
      md5: 5fa85cb37041c11d184cfc2a3e4c0a06
      size: 13310656
    - path: scores.json
      hash: md5
      md5: a1b1fff56db231212f2bc2501a6801a9
      size: 121
